%{"base64url": {:hex, :base64url, "0.0.1", "36a90125f5948e3afd7be97662a1504b934dd5dac78451ca6e9abf85a10286be", [:rebar], []},
  "bbmustache": {:hex, :bbmustache, "1.0.4", "7ba94f971c5afd7b6617918a4bb74705e36cab36eb84b19b6a1b7ee06427aa38", [:rebar], []},
  "bunt": {:hex, :bunt, "0.1.6", "5d95a6882f73f3b9969fdfd1953798046664e6f77ec4e486e6fafc7caad97c6f", [:mix], []},
  "can": {:git, "https://github.com/tonyrog/can.git", "5a407f663ccb5410f3b7480e1ebda00fc51d62a8", [tag: "1.2"]},
  "certifi": {:hex, :certifi, "0.7.0", "861a57f3808f7eb0c2d1802afeaae0fa5de813b0df0979153cbafcd853ababaf", [:rebar3], []},
  "cf": {:hex, :cf, "0.2.2", "7f2913fff90abcabd0f489896cfeb0b0674f6c8df6c10b17a83175448029896c", [:rebar3], []},
  "combine": {:hex, :combine, "0.9.3", "192e609b48b3f2210494e26f85db1712657be1a8f15795656710317ea43fc449", [:mix], []},
  "comeonin": {:hex, :comeonin, "2.6.0", "74c288338b33205f9ce97e2117bb9a2aaab103a1811d243443d76fdb62f904ac", [:make, :mix], []},
  "conform": {:hex, :conform, "2.1.2", "52ab052a92837406917661ed79211163456ddf653a2701709e232778bde8b49a", [:mix], [{:neotoma, "~> 1.7.3", [hex: :neotoma, optional: false]}]},
  "conform_exrm": {:hex, :conform_exrm, "1.0.0", "68d5923a74dad4169b51454d723d08ca1644b6a6deaf64eccd509fd084cd1343", [:mix], [{:conform, "> 0.0.0", [hex: :conform, optional: false]}, {:exrm, "> 0.0.0", [hex: :exrm, optional: false]}]},
  "connection": {:hex, :connection, "1.0.4", "a1cae72211f0eef17705aaededacac3eb30e6625b04a6117c1b2db6ace7d5976", [:mix], []},
  "cowboy": {:hex, :cowboy, "1.0.4", "a324a8df9f2316c833a470d918aaf73ae894278b8aa6226ce7a9bf699388f878", [:make, :rebar], [{:cowlib, "~> 1.0.0", [hex: :cowlib, optional: false]}, {:ranch, "~> 1.0", [hex: :ranch, optional: false]}]},
  "cowlib": {:hex, :cowlib, "1.0.2", "9d769a1d062c9c3ac753096f868ca121e2730b9a377de23dec0f7e08b1df84ee", [:make], []},
  "credo": {:hex, :credo, "0.5.3", "0c405b36e7651245a8ed63c09e2d52c2e2b89b6d02b1570c4d611e0fcbecf4a2", [:mix], [{:bunt, "~> 0.1.6", [hex: :bunt, optional: false]}]},
  "db_connection": {:hex, :db_connection, "1.1.0", "b2b88db6d7d12f99997b584d09fad98e560b817a20dab6a526830e339f54cdb3", [:mix], [{:connection, "~> 1.0.2", [hex: :connection, optional: false]}, {:poolboy, "~> 1.5", [hex: :poolboy, optional: true]}, {:sbroker, "~> 1.0", [hex: :sbroker, optional: true]}]},
  "decimal": {:hex, :decimal, "1.3.1", "157b3cedb2bfcb5359372a7766dd7a41091ad34578296e951f58a946fcab49c6", [:mix], []},
  "dialyxir": {:hex, :dialyxir, "0.4.3", "a4daeebd0107de10d3bbae2ccb6b8905e69544db1ed5fe9148ad27cd4cb2c0cd", [:mix], []},
  "dthread": {:git, "https://github.com/tonyrog/dthread.git", "d763748f1d2af31762682772e28e412906b8fef5", []},
  "earmark": {:hex, :earmark, "1.0.3", "89bdbaf2aca8bbb5c97d8b3b55c5dd0cff517ecc78d417e87f1d0982e514557b", [:mix], []},
  "ecto": {:hex, :ecto, "2.1.1", "fa8bdb14be9992b777036e20f183b8c4300cc012a0fae748529ff89b5423f2dd", [:mix], [{:db_connection, "~> 1.1", [hex: :db_connection, optional: true]}, {:decimal, "~> 1.2", [hex: :decimal, optional: false]}, {:mariaex, "~> 0.8.0", [hex: :mariaex, optional: true]}, {:poison, "~> 2.2 or ~> 3.0", [hex: :poison, optional: true]}, {:poolboy, "~> 1.5", [hex: :poolboy, optional: false]}, {:postgrex, "~> 0.13.0", [hex: :postgrex, optional: true]}, {:sbroker, "~> 1.0", [hex: :sbroker, optional: true]}]},
  "erlware_commons": {:hex, :erlware_commons, "0.22.0", "051bed79a34e66678c1cbeebc7b66360c827d081a0c5e2528878011e31ddcdca", [:rebar3], [{:cf, "0.2.2", [hex: :cf, optional: false]}]},
  "etimer": {:git, "https://github.com/xadhoom/etimer", "b083dc8750fd931e8e745879133417b493d2c1b4", [tag: "0.1.0"]},
  "ex_doc": {:hex, :ex_doc, "0.14.5", "c0433c8117e948404d93ca69411dd575ec6be39b47802e81ca8d91017a0cf83c", [:mix], [{:earmark, "~> 1.0", [hex: :earmark, optional: false]}]},
  "ex_link_header": {:hex, :ex_link_header, "0.0.5", "d46a71fc8b473ad324a498c70f76ce778bf185beb2467550be0df0f41b1bdf15", [:mix], []},
  "excoveralls": {:hex, :excoveralls, "0.5.7", "5d26e4a7cdf08294217594a1b0643636accc2ad30e984d62f1d166f70629ff50", [:mix], [{:exjsx, "~> 3.0", [hex: :exjsx, optional: false]}, {:hackney, ">= 0.12.0", [hex: :hackney, optional: false]}]},
  "exjsx": {:hex, :exjsx, "3.2.1", "1bc5bf1e4fd249104178f0885030bcd75a4526f4d2a1e976f4b428d347614f0f", [:mix], [{:jsx, "~> 2.8.0", [hex: :jsx, optional: false]}]},
  "exrm": {:hex, :exrm, "1.0.8", "5aa8990cdfe300282828b02cefdc339e235f7916388ce99f9a1f926a9271a45d", [:mix], [{:relx, "~> 3.5", [hex: :relx, optional: false]}]},
  "fs": {:hex, :fs, "0.9.2", "ed17036c26c3f70ac49781ed9220a50c36775c6ca2cf8182d123b6566e49ec59", [:rebar], []},
  "gen_smtp": {:hex, :gen_smtp, "0.11.0", "d90ff2f021fc86cb2a4259b1f2b177ab6e506676265e26454bf5755855adc956", [:rebar3], []},
  "getopt": {:hex, :getopt, "0.8.2", "b17556db683000ba50370b16c0619df1337e7af7ecbf7d64fbf8d1d6bce3109b", [:rebar], []},
  "gettext": {:hex, :gettext, "0.13.0", "daafbddc5cda12738bb93b01d84105fe75b916a302f1c50ab9fb066b95ec9db4", [:mix], []},
  "goldrush": {:git, "https://github.com/basho/goldrush.git", "8f1b715d36b650ec1e1f5612c00e28af6ab0de82", [tag: "0.1.9"]},
  "gproc": {:hex, :gproc, "0.6.1", "4579663e5677970758a05d8f65d13c3e9814ec707ad51d8dcef7294eda1a730c", [:rebar3], []},
  "guardian": {:hex, :guardian, "0.14.1", "af546385fed353346a76b38d750dc1e7bcc8026463e1cd904a8c54a335b21e9e", [:mix], [{:jose, "~> 1.8", [hex: :jose, optional: false]}, {:phoenix, "~> 1.2.0", [hex: :phoenix, optional: true]}, {:plug, "~> 1.0", [hex: :plug, optional: false]}, {:poison, ">= 1.3.0", [hex: :poison, optional: false]}, {:uuid, ">=1.1.1", [hex: :uuid, optional: false]}]},
  "hackney": {:hex, :hackney, "1.6.5", "8c025ee397ac94a184b0743c73b33b96465e85f90a02e210e86df6cbafaa5065", [:rebar3], [{:certifi, "0.7.0", [hex: :certifi, optional: false]}, {:idna, "1.2.0", [hex: :idna, optional: false]}, {:metrics, "1.0.1", [hex: :metrics, optional: false]}, {:mimerl, "1.0.2", [hex: :mimerl, optional: false]}, {:ssl_verify_fun, "1.1.1", [hex: :ssl_verify_fun, optional: false]}]},
  "idna": {:hex, :idna, "1.2.0", "ac62ee99da068f43c50dc69acf700e03a62a348360126260e87f2b54eced86b2", [:rebar3], []},
  "jose": {:hex, :jose, "1.8.0", "1ee027c5c0ff3922e3bfe58f7891509e8f87f771ba609ee859e623cc60237574", [:mix, :rebar3], [{:base64url, "~> 0.0.1", [hex: :base64url, optional: false]}]},
  "jsx": {:hex, :jsx, "2.8.1", "1453b4eb3615acb3e2cd0a105d27e6761e2ed2e501ac0b390f5bbec497669846", [:mix, :rebar3], []},
  "lager": {:git, "https://github.com/basho/lager.git", "81eaef0ce98fdbf64ab95665e3bc2ec4b24c7dac", []},
  "lager_logger": {:hex, :lager_logger, "1.0.3", "05c23ab1c1aeca6c059b49d44cb4706f6185c03429122b05bae8451dc73c86b9", [:mix], [{:lager, ">= 2.1.0", [hex: :lager, optional: false]}]},
  "meck": {:hex, :meck, "0.8.4", "59ca1cd971372aa223138efcf9b29475bde299e1953046a0c727184790ab1520", [:make, :rebar], []},
  "metrics": {:hex, :metrics, "1.0.1", "25f094dea2cda98213cecc3aeff09e940299d950904393b2a29d191c346a8486", [:rebar3], []},
  "mime": {:hex, :mime, "1.0.1", "05c393850524767d13a53627df71beeebb016205eb43bfbd92d14d24ec7a1b51", [:mix], []},
  "mimerl": {:hex, :mimerl, "1.0.2", "993f9b0e084083405ed8252b99460c4f0563e41729ab42d9074fd5e52439be88", [:rebar3], []},
  "neotoma": {:hex, :neotoma, "1.7.3", "d8bd5404b73273989946e4f4f6d529e5c2088f5fa1ca790b4dbe81f4be408e61", [:rebar], []},
  "phoenix": {:hex, :phoenix, "1.2.1", "6dc592249ab73c67575769765b66ad164ad25d83defa3492dc6ae269bd2a68ab", [:mix], [{:cowboy, "~> 1.0", [hex: :cowboy, optional: true]}, {:phoenix_pubsub, "~> 1.0", [hex: :phoenix_pubsub, optional: false]}, {:plug, "~> 1.1", [hex: :plug, optional: false]}, {:poison, "~> 1.5 or ~> 2.0", [hex: :poison, optional: false]}]},
  "phoenix_ecto": {:hex, :phoenix_ecto, "3.2.1", "6cf11d590c61977f50fcb98ad8a10ee90ba8670a82cbf5eaf49cfaee2e95e8b7", [:mix], [{:ecto, "~> 2.1", [hex: :ecto, optional: false]}, {:phoenix_html, "~> 2.9", [hex: :phoenix_html, optional: false]}, {:plug, "~> 1.0", [hex: :plug, optional: false]}]},
  "phoenix_html": {:hex, :phoenix_html, "2.9.2", "371160b30cf4e10443b015efce6f03e1f19aae98ff6487620477b13a5b2ef660", [:mix], [{:plug, "~> 1.0", [hex: :plug, optional: false]}]},
  "phoenix_live_reload": {:hex, :phoenix_live_reload, "1.0.6", "4490d588c4f60248b1c5f1f0dc0a7271e1aed4bddbd8b1542630f7bf6bc7b012", [:mix], [{:fs, "~> 0.9.1", [hex: :fs, optional: false]}, {:phoenix, "~> 1.0 or ~> 1.2-rc", [hex: :phoenix, optional: false]}]},
  "phoenix_pubsub": {:hex, :phoenix_pubsub, "1.0.1", "c10ddf6237007c804bf2b8f3c4d5b99009b42eca3a0dfac04ea2d8001186056a", [:mix], []},
  "plug": {:hex, :plug, "1.3.0", "6e2b01afc5db3fd011ca4a16efd9cb424528c157c30a44a0186bcc92c7b2e8f3", [:mix], [{:cowboy, "~> 1.0.1 or ~> 1.1", [hex: :cowboy, optional: true]}, {:mime, "~> 1.0", [hex: :mime, optional: false]}]},
  "poison": {:hex, :poison, "2.2.0", "4763b69a8a77bd77d26f477d196428b741261a761257ff1cf92753a0d4d24a63", [:mix], []},
  "poolboy": {:hex, :poolboy, "1.5.1", "6b46163901cfd0a1b43d692657ed9d7e599853b3b21b95ae5ae0a777cf9b6ca8", [:rebar], []},
  "postgrex": {:hex, :postgrex, "0.13.0", "e101ab47d0725955c5c8830ae8812412992e02e4bd9db09e17abb0a5d82d09c7", [:mix], [{:connection, "~> 1.0", [hex: :connection, optional: false]}, {:db_connection, "~> 1.1", [hex: :db_connection, optional: false]}, {:decimal, "~> 1.0", [hex: :decimal, optional: false]}]},
  "providers": {:hex, :providers, "1.6.0", "db0e2f9043ae60c0155205fcd238d68516331d0e5146155e33d1e79dc452964a", [:rebar3], [{:getopt, "0.8.2", [hex: :getopt, optional: false]}]},
  "ranch": {:hex, :ranch, "1.2.1", "a6fb992c10f2187b46ffd17ce398ddf8a54f691b81768f9ef5f461ea7e28c762", [:make], []},
  "registry": {:git, "https://github.com/elixir-lang/registry", "51d651ad4a0b2323122061a484cc7d0f7627b779", []},
  "relx": {:hex, :relx, "3.22.2", "aee2ef6e9ac6d21d6661133b7a0be6e81424de9cdca0012fc008bc677297c469", [:rebar3], [{:bbmustache, "1.0.4", [hex: :bbmustache, optional: false]}, {:cf, "0.2.2", [hex: :cf, optional: false]}, {:erlware_commons, "0.22.0", [hex: :erlware_commons, optional: false]}, {:getopt, "0.8.2", [hex: :getopt, optional: false]}, {:providers, "1.6.0", [hex: :providers, optional: false]}]},
  "ssl_verify_fun": {:hex, :ssl_verify_fun, "1.1.1", "28a4d65b7f59893bc2c7de786dec1e1555bd742d336043fe644ae956c3497fbe", [:make, :rebar], []},
  "swoosh": {:hex, :swoosh, "0.5.0", "eb2cdfa65fdc7a53be7c38353e0d7cd824aa69af3d4f110ade5416e98f167ec9", [:mix], [{:cowboy, "~> 1.0.0", [hex: :cowboy, optional: true]}, {:gen_smtp, "~> 0.11", [hex: :gen_smtp, optional: true]}, {:hackney, "~> 1.6", [hex: :hackney, optional: false]}, {:plug, "~> 1.1", [hex: :plug, optional: true]}, {:poison, "~> 1.5 or ~> 2.0 or ~> 3.0", [hex: :poison, optional: false]}]},
  "timex": {:hex, :timex, "3.1.5", "413d6d8d6f0162a5d47080cb8ca520d790184ac43e097c95191c7563bf25b428", [:mix], [{:combine, "~> 0.7", [hex: :combine, optional: false]}, {:gettext, "~> 0.10", [hex: :gettext, optional: false]}, {:tzdata, "~> 0.1.8 or ~> 0.5", [hex: :tzdata, optional: false]}]},
  "tzdata": {:hex, :tzdata, "0.5.10", "087e8dfe8c0283473115ad8ca6974b898ecb55ca5c725427a142a79593391e90", [:mix], [{:hackney, "~> 1.0", [hex: :hackney, optional: false]}]},
  "uart": {:git, "https://github.com/tonyrog/uart.git", "c70ac08f6af380efeb0548e7b3ddf74c6f6260cc", []},
  "uuid": {:hex, :uuid, "1.1.5", "96cb36d86ee82f912efea4d50464a5df606bf3f1163d6bdbb302d98474969369", [:mix], []}}
