%{"base64url": {:hex, :base64url, "0.0.1"},
  "can": {:git, "https://github.com/tonyrog/can.git", "5a407f663ccb5410f3b7480e1ebda00fc51d62a8", [tag: "1.2"]},
  "certifi": {:hex, :certifi, "0.3.0"},
  "comeonin": {:hex, :comeonin, "2.0.0"},
  "connection": {:hex, :connection, "1.0.2"},
  "cowboy": {:hex, :cowboy, "1.0.4"},
  "cowlib": {:hex, :cowlib, "1.0.2"},
  "db_connection": {:hex, :db_connection, "0.2.5"},
  "decimal": {:hex, :decimal, "1.1.1"},
  "dthread": {:git, "https://github.com/tonyrog/dthread.git", "d763748f1d2af31762682772e28e412906b8fef5", []},
  "ecto": {:hex, :ecto, "2.0.0-beta.2"},
  "ex_abnf": {:hex, :ex_abnf, "0.2.7"},
  "excoveralls": {:hex, :excoveralls, "0.4.5"},
  "exjsx": {:hex, :exjsx, "3.2.0"},
  "fs": {:hex, :fs, "0.9.2"},
  "gettext": {:hex, :gettext, "0.9.0"},
  "guardian": {:hex, :guardian, "0.10.1"},
  "hackney": {:hex, :hackney, "1.4.8"},
  "idna": {:hex, :idna, "1.0.3"},
  "jose": {:hex, :jose, "1.7.3"},
  "jsx": {:hex, :jsx, "2.6.2"},
  "lager": {:git, "git://github.com/Feuerlabs/lager.git", "e5881d84cc06ec45e2bdddf68cc512f0e9cf9dab", []},
  "lager_logger": {:hex, :lager_logger, "1.0.2"},
  "mimerl": {:hex, :mimerl, "1.0.2"},
  "phoenix": {:hex, :phoenix, "1.1.1"},
  "phoenix_ecto": {:hex, :phoenix_ecto, "3.0.0-beta.2"},
  "phoenix_html": {:hex, :phoenix_html, "2.5.1"},
  "phoenix_live_reload": {:hex, :phoenix_live_reload, "1.0.1"},
  "plug": {:hex, :plug, "1.1.3"},
  "poison": {:hex, :poison, "1.5.2"},
  "poolboy": {:hex, :poolboy, "1.5.1"},
  "postgrex": {:hex, :postgrex, "0.11.1"},
  "ranch": {:hex, :ranch, "1.2.1"},
  "ssl_verify_hostname": {:hex, :ssl_verify_hostname, "1.0.5"},
  "uart": {:git, "https://github.com/tonyrog/uart.git", "bd33345a7c48bc459c7c8e96bee796fd60064a38", []},
  "uuid": {:hex, :uuid, "1.1.3"}}
