{
  "name": "frontend",
  "version": "0.0.0",
  "dependencies": {
    "@angular/animations": {
      "version": "4.4.5",
      "from": "@angular/animations@>=4.0.3 <5.0.0",
      "resolved": "https://registry.npmjs.org/@angular/animations/-/animations-4.4.5.tgz"
    },
    "@angular/cdk": {
      "version": "2.0.0-beta.12",
      "from": "@angular/cdk@>=2.0.0-beta.8 <3.0.0",
      "resolved": "https://registry.npmjs.org/@angular/cdk/-/cdk-2.0.0-beta.12.tgz"
    },
    "@angular/common": {
      "version": "4.4.5",
      "from": "@angular/common@>=4.0.3 <5.0.0",
      "resolved": "https://registry.npmjs.org/@angular/common/-/common-4.4.5.tgz"
    },
    "@angular/compiler": {
      "version": "4.4.5",
      "from": "@angular/compiler@>=4.0.3 <5.0.0",
      "resolved": "https://registry.npmjs.org/@angular/compiler/-/compiler-4.4.5.tgz"
    },
    "@angular/core": {
      "version": "4.4.5",
      "from": "@angular/core@>=4.0.3 <5.0.0",
      "resolved": "https://registry.npmjs.org/@angular/core/-/core-4.4.5.tgz"
    },
    "@angular/forms": {
      "version": "4.4.5",
      "from": "@angular/forms@>=4.0.3 <5.0.0",
      "resolved": "https://registry.npmjs.org/@angular/forms/-/forms-4.4.5.tgz"
    },
    "@angular/http": {
      "version": "4.4.5",
      "from": "@angular/http@>=4.0.3 <5.0.0",
      "resolved": "https://registry.npmjs.org/@angular/http/-/http-4.4.5.tgz"
    },
    "@angular/material": {
      "version": "2.0.0-beta.12",
      "from": "@angular/material@>=2.0.0-beta.8 <3.0.0",
      "resolved": "https://registry.npmjs.org/@angular/material/-/material-2.0.0-beta.12.tgz"
    },
    "@angular/platform-browser": {
      "version": "4.4.5",
      "from": "@angular/platform-browser@>=4.0.3 <5.0.0",
      "resolved": "https://registry.npmjs.org/@angular/platform-browser/-/platform-browser-4.4.5.tgz"
    },
    "@angular/platform-browser-dynamic": {
      "version": "4.4.5",
      "from": "@angular/platform-browser-dynamic@>=4.0.3 <5.0.0",
      "resolved": "https://registry.npmjs.org/@angular/platform-browser-dynamic/-/platform-browser-dynamic-4.4.5.tgz"
    },
    "@angular/router": {
      "version": "4.4.5",
      "from": "@angular/router@>=4.0.3 <5.0.0",
      "resolved": "https://registry.npmjs.org/@angular/router/-/router-4.4.5.tgz"
    },
    "amdefine": {
      "version": "1.0.1",
      "from": "amdefine@>=0.0.4",
      "resolved": "https://registry.npmjs.org/amdefine/-/amdefine-1.0.1.tgz"
    },
    "angular2-jwt": {
      "version": "0.2.3",
      "from": "angular2-jwt@>=0.2.3 <0.3.0",
      "resolved": "https://registry.npmjs.org/angular2-jwt/-/angular2-jwt-0.2.3.tgz"
    },
    "angular2-uuid": {
      "version": "1.1.1",
      "from": "angular2-uuid@>=1.1.1 <2.0.0",
      "resolved": "https://registry.npmjs.org/angular2-uuid/-/angular2-uuid-1.1.1.tgz"
    },
    "atob": {
      "version": "1.1.3",
      "from": "atob@>=1.1.0 <1.2.0",
      "resolved": "https://registry.npmjs.org/atob/-/atob-1.1.3.tgz"
    },
    "chart.js": {
      "version": "2.7.0",
      "from": "chart.js@>=2.4.0 <3.0.0",
      "resolved": "https://registry.npmjs.org/chart.js/-/chart.js-2.7.0.tgz",
      "dependencies": {
        "moment": {
          "version": "2.18.1",
          "from": "moment@>=2.18.0 <2.19.0",
          "resolved": "https://registry.npmjs.org/moment/-/moment-2.18.1.tgz"
        }
      }
    },
    "chartjs-color": {
      "version": "2.2.0",
      "from": "chartjs-color@>=2.2.0 <2.3.0",
      "resolved": "https://registry.npmjs.org/chartjs-color/-/chartjs-color-2.2.0.tgz"
    },
    "chartjs-color-string": {
      "version": "0.5.0",
      "from": "chartjs-color-string@>=0.5.0 <0.6.0",
      "resolved": "https://registry.npmjs.org/chartjs-color-string/-/chartjs-color-string-0.5.0.tgz"
    },
    "clone": {
      "version": "2.1.1",
      "from": "clone@>=2.1.1 <2.2.0",
      "resolved": "https://registry.npmjs.org/clone/-/clone-2.1.1.tgz"
    },
    "color-convert": {
      "version": "0.5.3",
      "from": "color-convert@>=0.5.3 <0.6.0",
      "resolved": "https://registry.npmjs.org/color-convert/-/color-convert-0.5.3.tgz"
    },
    "color-name": {
      "version": "1.1.3",
      "from": "color-name@>=1.0.0 <2.0.0",
      "resolved": "https://registry.npmjs.org/color-name/-/color-name-1.1.3.tgz"
    },
    "core-js": {
      "version": "2.5.1",
      "from": "core-js@>=2.4.1 <3.0.0",
      "resolved": "https://registry.npmjs.org/core-js/-/core-js-2.5.1.tgz"
    },
    "css": {
      "version": "2.2.1",
      "from": "css@*",
      "resolved": "https://registry.npmjs.org/css/-/css-2.2.1.tgz"
    },
    "deep-equal": {
      "version": "1.0.1",
      "from": "deep-equal@>=1.0.1 <1.1.0",
      "resolved": "https://registry.npmjs.org/deep-equal/-/deep-equal-1.0.1.tgz"
    },
    "eventemitter3": {
      "version": "2.0.3",
      "from": "eventemitter3@>=2.0.3 <2.1.0",
      "resolved": "https://registry.npmjs.org/eventemitter3/-/eventemitter3-2.0.3.tgz"
    },
    "extend": {
      "version": "3.0.1",
      "from": "extend@>=3.0.1 <3.1.0",
      "resolved": "https://registry.npmjs.org/extend/-/extend-3.0.1.tgz"
    },
    "fast-diff": {
      "version": "1.1.2",
      "from": "fast-diff@1.1.2",
      "resolved": "https://registry.npmjs.org/fast-diff/-/fast-diff-1.1.2.tgz"
    },
    "fullcalendar": {
      "version": "3.6.1",
      "from": "fullcalendar@>=3.1.0 <4.0.0",
      "resolved": "https://registry.npmjs.org/fullcalendar/-/fullcalendar-3.6.1.tgz"
    },
    "hammerjs": {
      "version": "2.0.8",
      "from": "hammerjs@>=2.0.8 <3.0.0",
      "resolved": "https://registry.npmjs.org/hammerjs/-/hammerjs-2.0.8.tgz"
    },
    "http-link-header": {
      "version": "0.8.0",
      "from": "http-link-header@>=0.8.0 <0.9.0",
      "resolved": "https://registry.npmjs.org/http-link-header/-/http-link-header-0.8.0.tgz"
    },
    "inherits": {
      "version": "2.0.3",
      "from": "inherits@>=2.0.1 <3.0.0",
      "resolved": "https://registry.npmjs.org/inherits/-/inherits-2.0.3.tgz"
    },
    "jquery": {
      "version": "3.2.1",
      "from": "jquery@>=3.1.1 <4.0.0",
      "resolved": "https://registry.npmjs.org/jquery/-/jquery-3.2.1.tgz"
    },
    "moment": {
      "version": "2.19.1",
      "from": "moment@>=2.17.1 <3.0.0",
      "resolved": "https://registry.npmjs.org/moment/-/moment-2.19.1.tgz"
    },
    "nanoscroller": {
      "version": "0.8.7",
      "from": "nanoscroller@>=0.8.7 <0.9.0",
      "resolved": "https://registry.npmjs.org/nanoscroller/-/nanoscroller-0.8.7.tgz"
    },
    "parchment": {
      "version": "1.1.0",
      "from": "parchment@1.1.0",
      "resolved": "https://registry.npmjs.org/parchment/-/parchment-1.1.0.tgz"
    },
    "primeng": {
      "version": "4.0.3",
      "from": "primeng@4.0.3",
      "resolved": "https://registry.npmjs.org/primeng/-/primeng-4.0.3.tgz"
    },
    "quill": {
      "version": "1.3.3",
      "from": "quill@>=1.2.0 <2.0.0",
      "resolved": "https://registry.npmjs.org/quill/-/quill-1.3.3.tgz"
    },
    "quill-delta": {
      "version": "3.6.2",
      "from": "quill-delta@3.6.2",
      "resolved": "https://registry.npmjs.org/quill-delta/-/quill-delta-3.6.2.tgz"
    },
    "resolve-url": {
      "version": "0.2.1",
      "from": "resolve-url@>=0.2.1 <0.3.0",
      "resolved": "https://registry.npmjs.org/resolve-url/-/resolve-url-0.2.1.tgz"
    },
    "rxjs": {
      "version": "5.4.3",
      "from": "rxjs@>=5.1.0 <6.0.0",
      "resolved": "https://registry.npmjs.org/rxjs/-/rxjs-5.4.3.tgz"
    },
    "source-map": {
      "version": "0.1.43",
      "from": "source-map@>=0.1.38 <0.2.0",
      "resolved": "https://registry.npmjs.org/source-map/-/source-map-0.1.43.tgz"
    },
    "source-map-resolve": {
      "version": "0.3.1",
      "from": "source-map-resolve@>=0.3.0 <0.4.0",
      "resolved": "https://registry.npmjs.org/source-map-resolve/-/source-map-resolve-0.3.1.tgz"
    },
    "source-map-url": {
      "version": "0.3.0",
      "from": "source-map-url@>=0.3.0 <0.4.0",
      "resolved": "https://registry.npmjs.org/source-map-url/-/source-map-url-0.3.0.tgz"
    },
    "symbol-observable": {
      "version": "1.0.4",
      "from": "symbol-observable@>=1.0.1 <2.0.0",
      "resolved": "https://registry.npmjs.org/symbol-observable/-/symbol-observable-1.0.4.tgz"
    },
    "ts-helpers": {
      "version": "1.1.2",
      "from": "ts-helpers@>=1.1.1 <2.0.0",
      "resolved": "https://registry.npmjs.org/ts-helpers/-/ts-helpers-1.1.2.tgz"
    },
    "tslib": {
      "version": "1.8.0",
      "from": "tslib@>=1.7.1 <2.0.0",
      "resolved": "https://registry.npmjs.org/tslib/-/tslib-1.8.0.tgz"
    },
    "urix": {
      "version": "0.1.0",
      "from": "urix@>=0.1.0 <0.2.0",
      "resolved": "https://registry.npmjs.org/urix/-/urix-0.1.0.tgz"
    },
    "zone.js": {
      "version": "0.8.18",
      "from": "zone.js@>=0.8.4 <0.9.0",
      "resolved": "https://registry.npmjs.org/zone.js/-/zone.js-0.8.18.tgz"
    }
  }
}
